// !$*UTF8*$!
{
	archiveVersion = 1;
	classes = {
	};
	objectVersion = 46;
	objects = {

/* Begin PBXBuildFile section */
		4711A6BC1BB7D698006B6B30 /* main.m in Sources */ = {isa = PBXBuildFile; fileRef = 4711A6BB1BB7D698006B6B30 /* main.m */; };
		4711A6BF1BB7D698006B6B30 /* AppDelegate.m in Sources */ = {isa = PBXBuildFile; fileRef = 4711A6BE1BB7D698006B6B30 /* AppDelegate.m */; };
		4711A6C21BB7D698006B6B30 /* ViewController.m in Sources */ = {isa = PBXBuildFile; fileRef = 4711A6C11BB7D698006B6B30 /* ViewController.m */; };
		4711A6C51BB7D698006B6B30 /* Main.storyboard in Resources */ = {isa = PBXBuildFile; fileRef = 4711A6C31BB7D698006B6B30 /* Main.storyboard */; };
		4711A6C71BB7D698006B6B30 /* Assets.xcassets in Resources */ = {isa = PBXBuildFile; fileRef = 4711A6C61BB7D698006B6B30 /* Assets.xcassets */; };
/* End PBXBuildFile section */

/* Begin PBXFileReference section */
		4711A6B71BB7D698006B6B30 /* MoeRadio for TV.app */ = {isa = PBXFileReference; explicitFileType = wrapper.application; includeInIndex = 0; path = "MoeRadio for TV.app"; sourceTree = BUILT_PRODUCTS_DIR; };
		4711A6BB1BB7D698006B6B30 /* main.m */ = {isa = PBXFileReference; lastKnownFileType = sourcecode.c.objc; path = main.m; sourceTree = "<group>"; };
		4711A6BD1BB7D698006B6B30 /* AppDelegate.h */ = {isa = PBXFileReference; lastKnownFileType = sourcecode.c.h; path = AppDelegate.h; sourceTree = "<group>"; };
		4711A6BE1BB7D698006B6B30 /* AppDelegate.m */ = {isa = PBXFileReference; lastKnownFileType = sourcecode.c.objc; path = AppDelegate.m; sourceTree = "<group>"; };
		4711A6C01BB7D698006B6B30 /* ViewController.h */ = {isa = PBXFileReference; lastKnownFileType = sourcecode.c.h; path = ViewController.h; sourceTree = "<group>"; };
		4711A6C11BB7D698006B6B30 /* ViewController.m */ = {isa = PBXFileReference; lastKnownFileType = sourcecode.c.objc; path = ViewController.m; sourceTree = "<group>"; };
		4711A6C41BB7D698006B6B30 /* Base */ = {isa = PBXFileReference; lastKnownFileType = file.storyboard; name = Base; path = Base.lproj/Main.storyboard; sourceTree = "<group>"; };
		4711A6C61BB7D698006B6B30 /* Assets.xcassets */ = {isa = PBXFileReference; lastKnownFileType = folder.assetcatalog; path = Assets.xcassets; sourceTree = "<group>"; };
		4711A6C81BB7D698006B6B30 /* Info.plist */ = {isa = PBXFileReference; lastKnownFileType = text.plist.xml; path = Info.plist; sourceTree = "<group>"; };
/* End PBXFileReference section */

/* Begin PBXFrameworksBuildPhase section */
		4711A6B41BB7D698006B6B30 /* Frameworks */ = {
			isa = PBXFrameworksBuildPhase;
			buildActionMask = 2147483647;
			files = (
			);
			runOnlyForDeploymentPostprocessing = 0;
		};
/* End PBXFrameworksBuildPhase section */

/* Begin PBXGroup section */
		4711A6AE1BB7D697006B6B30 = {
			isa = PBXGroup;
			children = (
				4711A6B91BB7D698006B6B30 /* MoeRadio for TV */,
				4711A6B81BB7D698006B6B30 /* Products */,
			);
			sourceTree = "<group>";
		};
		4711A6B81BB7D698006B6B30 /* Products */ = {
			isa = PBXGroup;
			children = (
				4711A6B71BB7D698006B6B30 /* MoeRadio for TV.app */,
			);
			name = Products;
			sourceTree = "<group>";
		};
		4711A6B91BB7D698006B6B30 /* MoeRadio for TV */ = {
			isa = PBXGroup;
			children = (
				4711A6BD1BB7D698006B6B30 /* AppDelegate.h */,
				4711A6BE1BB7D698006B6B30 /* AppDelegate.m */,
				4711A6C01BB7D698006B6B30 /* ViewController.h */,
				4711A6C11BB7D698006B6B30 /* ViewController.m */,
				4711A6C31BB7D698006B6B30 /* Main.storyboard */,
				4711A6C61BB7D698006B6B30 /* Assets.xcassets */,
				4711A6C81BB7D698006B6B30 /* Info.plist */,
				4711A6BA1BB7D698006B6B30 /* Supporting Files */,
			);
			path = "MoeRadio for TV";
			sourceTree = "<group>";
		};
		4711A6BA1BB7D698006B6B30 /* Supporting Files */ = {
			isa = PBXGroup;
			children = (
				4711A6BB1BB7D698006B6B30 /* main.m */,
			);
			name = "Supporting Files";
			sourceTree = "<group>";
		};
/* End PBXGroup section */

/* Begin PBXNativeTarget section */
		4711A6B61BB7D698006B6B30 /* MoeRadio for TV */ = {
			isa = PBXNativeTarget;
			buildConfigurationList = 4711A6CB1BB7D698006B6B30 /* Build configuration list for PBXNativeTarget "MoeRadio for TV" */;
			buildPhases = (
				4711A6B31BB7D698006B6B30 /* Sources */,
				4711A6B41BB7D698006B6B30 /* Frameworks */,
				4711A6B51BB7D698006B6B30 /* Resources */,
			);
			buildRules = (
			);
			dependencies = (
			);
			name = "MoeRadio for TV";
			productName = "MoeRadio for TV";
			productReference = 4711A6B71BB7D698006B6B30 /* MoeRadio for TV.app */;
			productType = "com.apple.product-type.application";
		};
/* End PBXNativeTarget section */

/* Begin PBXProject section */
		4711A6AF1BB7D697006B6B30 /* Project object */ = {
			isa = PBXProject;
			attributes = {
				LastUpgradeCheck = 0710;
				ORGANIZATIONNAME = "HT&L";
				TargetAttributes = {
					4711A6B61BB7D698006B6B30 = {
						CreatedOnToolsVersion = 7.1;
					};
				};
			};
			buildConfigurationList = 4711A6B21BB7D697006B6B30 /* Build configuration list for PBXProject "MoeRadio for TV" */;
			compatibilityVersion = "Xcode 3.2";
			developmentRegion = English;
			hasScannedForEncodings = 0;
			knownRegions = (
				en,
				Base,
			);
			mainGroup = 4711A6AE1BB7D697006B6B30;
			productRefGroup = 4711A6B81BB7D698006B6B30 /* Products */;
			projectDirPath = "";
			projectRoot = "";
			targets = (
				4711A6B61BB7D698006B6B30 /* MoeRadio for TV */,
			);
		};
/* End PBXProject section */

/* Begin PBXResourcesBuildPhase section */
		4711A6B51BB7D698006B6B30 /* Resources */ = {
			isa = PBXResourcesBuildPhase;
			buildActionMask = 2147483647;
			files = (
				4711A6C71BB7D698006B6B30 /* Assets.xcassets in Resources */,
				4711A6C51BB7D698006B6B30 /* Main.storyboard in Resources */,
			);
			runOnlyForDeploymentPostprocessing = 0;
		};
/* End PBXResourcesBuildPhase section */

/* Begin PBXSourcesBuildPhase section */
		4711A6B31BB7D698006B6B30 /* Sources */ = {
			isa = PBXSourcesBuildPhase;
			buildActionMask = 2147483647;
			files = (
				4711A6C21BB7D698006B6B30 /* ViewController.m in Sources */,
				4711A6BF1BB7D698006B6B30 /* AppDelegate.m in Sources */,
				4711A6BC1BB7D698006B6B30 /* main.m in Sources */,
			);
			runOnlyForDeploymentPostprocessing = 0;
		};
/* End PBXSourcesBuildPhase section */

/* Begin PBXVariantGroup section */
		4711A6C31BB7D698006B6B30 /* Main.storyboard */ = {
			isa = PBXVariantGroup;
			children = (
				4711A6C41BB7D698006B6B30 /* Base */,
			);
			name = Main.storyboard;
			sourceTree = "<group>";
		};
/* End PBXVariantGroup section */

/* Begin XCBuildConfiguration section */
		4711A6C91BB7D698006B6B30 /* Debug */ = {
			isa = XCBuildConfiguration;
			buildSettings = {
				ALWAYS_SEARCH_USER_PATHS = NO;
				CLANG_CXX_LANGUAGE_STANDARD = "gnu++0x";
				CLANG_CXX_LIBRARY = "libc++";
				CLANG_ENABLE_MODULES = YES;
				CLANG_ENABLE_OBJC_ARC = YES;
				CLANG_WARN_BOOL_CONVERSION = YES;
				CLANG_WARN_CONSTANT_CONVERSION = YES;
				CLANG_WARN_DIRECT_OBJC_ISA_USAGE = YES_ERROR;
				CLANG_WARN_EMPTY_BODY = YES;
				CLANG_WARN_ENUM_CONVERSION = YES;
				CLANG_WARN_INT_CONVERSION = YES;
				CLANG_WARN_OBJC_ROOT_CLASS = YES_ERROR;
				CLANG_WARN_UNREACHABLE_CODE = YES;
				CLANG_WARN__DUPLICATE_METHOD_MATCH = YES;
				COPY_PHASE_STRIP = NO;
				DEBUG_INFORMATION_FORMAT = dwarf;
				ENABLE_STRICT_OBJC_MSGSEND = YES;
				ENABLE_TESTABILITY = YES;
				GCC_C_LANGUAGE_STANDARD = gnu99;
				GCC_DYNAMIC_NO_PIC = NO;
				GCC_NO_COMMON_BLOCKS = YES;
				GCC_OPTIMIZATION_LEVEL = 0;
				GCC_PREPROCESSOR_DEFINITIONS = (
					"DEBUG=1",
					"$(inherited)",
				);
				GCC_WARN_64_TO_32_BIT_CONVERSION = YES;
				GCC_WARN_ABOUT_RETURN_TYPE = YES_ERROR;
				GCC_WARN_UNDECLARED_SELECTOR = YES;
				GCC_WARN_UNINITIALIZED_AUTOS = YES_AGGRESSIVE;
				GCC_WARN_UNUSED_FUNCTION = YES;
				GCC_WARN_UNUSED_VARIABLE = YES;
				MTL_ENABLE_DEBUG_INFO = YES;
				ONLY_ACTIVE_ARCH = YES;
				SDKROOT = appletvos;
				TARGETED_DEVICE_FAMILY = 3;
				TVOS_DEPLOYMENT_TARGET = 9.0;
			};
			name = Debug;
		};
		4711A6CA1BB7D698006B6B30 /* Release */ = {
			isa = XCBuildConfiguration;
			buildSettings = {
				ALWAYS_SEARCH_USER_PATHS = NO;
				CLANG_CXX_LANGUAGE_STANDARD = "gnu++0x";
				CLANG_CXX_LIBRARY = "libc++";
				CLANG_ENABLE_MODULES = YES;
				CLANG_ENABLE_OBJC_ARC = YES;
				CLANG_WARN_BOOL_CONVERSION = YES;
				CLANG_WARN_CONSTANT_CONVERSION = YES;
				CLANG_WARN_DIRECT_OBJC_ISA_USAGE = YES_ERROR;
				CLANG_WARN_EMPTY_BODY = YES;
				CLANG_WARN_ENUM_CONVERSION = YES;
				CLANG_WARN_INT_CONVERSION = YES;
				CLANG_WARN_OBJC_ROOT_CLASS = YES_ERROR;
				CLANG_WARN_UNREACHABLE_CODE = YES;
				CLANG_WARN__DUPLICATE_METHOD_MATCH = YES;
				COPY_PHASE_STRIP = NO;
				DEBUG_INFORMATION_FORMAT = "dwarf-with-dsym";
				ENABLE_NS_ASSERTIONS = NO;
				ENABLE_STRICT_OBJC_MSGSEND = YES;
				GCC_C_LANGUAGE_STANDARD = gnu99;
				GCC_NO_COMMON_BLOCKS = YES;
				GCC_WARN_64_TO_32_BIT_CONVERSION = YES;
				GCC_WARN_ABOUT_RETURN_TYPE = YES_ERROR;
				GCC_WARN_UNDECLARED_SELECTOR = YES;
				GCC_WARN_UNINITIALIZED_AUTOS = YES_AGGRESSIVE;
				GCC_WARN_UNUSED_FUNCTION = YES;
				GCC_WARN_UNUSED_VARIABLE = YES;
				MTL_ENABLE_DEBUG_INFO = NO;
				SDKROOT = appletvos;
				TARGETED_DEVICE_FAMILY = 3;
				TVOS_DEPLOYMENT_TARGET = 9.0;
				VALIDATE_PRODUCT = YES;
			};
			name = Release;
		};
		4711A6CC1BB7D698006B6B30 /* Debug */ = {
			isa = XCBuildConfiguration;
			buildSettings = {
				ASSETCATALOG_COMPILER_APPICON_NAME = "App Icon & Top Shelf Image";
				ASSETCATALOG_COMPILER_LAUNCHIMAGE_NAME = LaunchImage;
				INFOPLIST_FILE = "MoeRadio for TV/Info.plist";
				LD_RUNPATH_SEARCH_PATHS = "$(inherited) @executable_path/Frameworks";
				PRODUCT_BUNDLE_IDENTIFIER = "com.HTandL.MoeRadio-for-TV";
				PRODUCT_NAME = "$(TARGET_NAME)";
			};
			name = Debug;
		};
		4711A6CD1BB7D698006B6B30 /* Release */ = {
			isa = XCBuildConfiguration;
			buildSettings = {
				ASSETCATALOG_COMPILER_APPICON_NAME = "App Icon & Top Shelf Image";
				ASSETCATALOG_COMPILER_LAUNCHIMAGE_NAME = LaunchImage;
				INFOPLIST_FILE = "MoeRadio for TV/Info.plist";
				LD_RUNPATH_SEARCH_PATHS = "$(inherited) @executable_path/Frameworks";
				PRODUCT_BUNDLE_IDENTIFIER = "com.HTandL.MoeRadio-for-TV";
				PRODUCT_NAME = "$(TARGET_NAME)";
			};
			name = Release;
		};
/* End XCBuildConfiguration section */

/* Begin XCConfigurationList section */
		4711A6B21BB7D697006B6B30 /* Build configuration list for PBXProject "MoeRadio for TV" */ = {
			isa = XCConfigurationList;
			buildConfigurations = (
				4711A6C91BB7D698006B6B30 /* Debug */,
				4711A6CA1BB7D698006B6B30 /* Release */,
			);
			defaultConfigurationIsVisible = 0;
			defaultConfigurationName = Release;
		};
		4711A6CB1BB7D698006B6B30 /* Build configuration list for PBXNativeTarget "MoeRadio for TV" */ = {
			isa = XCConfigurationList;
			buildConfigurations = (
				4711A6CC1BB7D698006B6B30 /* Debug */,
				4711A6CD1BB7D698006B6B30 /* Release */,
			);
			defaultConfigurationIsVisible = 0;
		};
/* End XCConfigurationList section */
	};
	rootObject = 4711A6AF1BB7D697006B6B30 /* Project object */;
}
