// !$*UTF8*$!
{
	archiveVersion = 1;
	classes = {
	};
	objectVersion = 46;
	objects = {

/* Begin PBXBuildFile section */
		4711A6BC1BB7D698006B6B30 /* main.m in Sources */ = {isa = PBXBuildFile; fileRef = 4711A6BB1BB7D698006B6B30 /* main.m */; };
		4711A6BF1BB7D698006B6B30 /* AppDelegate.m in Sources */ = {isa = PBXBuildFile; fileRef = 4711A6BE1BB7D698006B6B30 /* AppDelegate.m */; };
		4711A6C51BB7D698006B6B30 /* Main.storyboard in Resources */ = {isa = PBXBuildFile; fileRef = 4711A6C31BB7D698006B6B30 /* Main.storyboard */; };
		4711A6C71BB7D698006B6B30 /* Assets.xcassets in Resources */ = {isa = PBXBuildFile; fileRef = 4711A6C61BB7D698006B6B30 /* Assets.xcassets */; };
		4711A6D21BB7D894006B6B30 /* MoeFmAPI.m in Sources */ = {isa = PBXBuildFile; fileRef = 4711A6CF1BB7D894006B6B30 /* MoeFmAPI.m */; };
		4711A6D31BB7D894006B6B30 /* MoeFmPlayer.m in Sources */ = {isa = PBXBuildFile; fileRef = 4711A6D11BB7D894006B6B30 /* MoeFmPlayer.m */; };
		4711A6D91BB7D90A006B6B30 /* AudioStreamer.m in Sources */ = {isa = PBXBuildFile; fileRef = 4711A6D51BB7D90A006B6B30 /* AudioStreamer.m */; settings = {COMPILER_FLAGS = "-fno-objc-arc"; }; };
		4711A6DF1BB7DA1A006B6B30 /* UIDevice+Hardware.m in Sources */ = {isa = PBXBuildFile; fileRef = 4711A6DE1BB7DA1A006B6B30 /* UIDevice+Hardware.m */; settings = {COMPILER_FLAGS = "-fno-objc-arc"; }; };
		4711A6E21BB7DB73006B6B30 /* UIKit.framework in Frameworks */ = {isa = PBXBuildFile; fileRef = 4711A6E11BB7DB73006B6B30 /* UIKit.framework */; };
		4711A6E41BB7DB84006B6B30 /* Foundation.framework in Frameworks */ = {isa = PBXBuildFile; fileRef = 4711A6E31BB7DB84006B6B30 /* Foundation.framework */; };
		4711A6E81BB7DEAA006B6B30 /* NowPlayingViewController.m in Sources */ = {isa = PBXBuildFile; fileRef = 4711A6E71BB7DEAA006B6B30 /* NowPlayingViewController.m */; };
		4711A6EC1BB7EA27006B6B30 /* PlayListViewController.m in Sources */ = {isa = PBXBuildFile; fileRef = 4711A6EB1BB7EA27006B6B30 /* PlayListViewController.m */; };
		4711A6EF1BB7F650006B6B30 /* SplitViewController.m in Sources */ = {isa = PBXBuildFile; fileRef = 4711A6EE1BB7F650006B6B30 /* SplitViewController.m */; };
		4721561C1BE4B5B700B6D337 /* AVFoundation.framework in Frameworks */ = {isa = PBXBuildFile; fileRef = 4721561B1BE4B5B700B6D337 /* AVFoundation.framework */; };
		4740D9961C6B49C600C089F3 /* AboutViewController.m in Sources */ = {isa = PBXBuildFile; fileRef = 4740D9951C6B49C600C089F3 /* AboutViewController.m */; };
		475F93C31C007DDB00AB0BF8 /* TabbarViewController.m in Sources */ = {isa = PBXBuildFile; fileRef = 475F93C21C007DDB00AB0BF8 /* TabbarViewController.m */; };
		47891A1C1BF36A1E0030ED26 /* SearchInitViewController.m in Sources */ = {isa = PBXBuildFile; fileRef = 47891A1B1BF36A1E0030ED26 /* SearchInitViewController.m */; };
		47891A1F1BF36A860030ED26 /* SearchCollectionViewController.m in Sources */ = {isa = PBXBuildFile; fileRef = 47891A1E1BF36A860030ED26 /* SearchCollectionViewController.m */; };
		47891A221BF372A90030ED26 /* SearchCollectionViewCell.m in Sources */ = {isa = PBXBuildFile; fileRef = 47891A211BF372A90030ED26 /* SearchCollectionViewCell.m */; };
		47891A241BF37F000030ED26 /* small.png in Resources */ = {isa = PBXBuildFile; fileRef = 47891A231BF37F000030ED26 /* small.png */; };
		47891A281BF4A1280030ED26 /* Localizable.strings in Resources */ = {isa = PBXBuildFile; fileRef = 47891A2A1BF4A1280030ED26 /* Localizable.strings */; };
		47891A321BF4A58F0030ED26 /* InfoPlist.strings in Resources */ = {isa = PBXBuildFile; fileRef = 47891A341BF4A58F0030ED26 /* InfoPlist.strings */; };
/* End PBXBuildFile section */

/* Begin PBXFileReference section */
		470088A01BF4A6AB004652F7 /* Info.plist */ = {isa = PBXFileReference; fileEncoding = 4; lastKnownFileType = text.plist.xml; path = Info.plist; sourceTree = "<group>"; };
		470088FE1BFB421D004652F7 /* ja */ = {isa = PBXFileReference; lastKnownFileType = text.plist.strings; name = ja; path = ja.lproj/Main.strings; sourceTree = "<group>"; };
		470088FF1BFB421D004652F7 /* ja */ = {isa = PBXFileReference; lastKnownFileType = text.plist.strings; name = ja; path = ja.lproj/Localizable.strings; sourceTree = "<group>"; };
		470089001BFB421D004652F7 /* ja */ = {isa = PBXFileReference; lastKnownFileType = text.plist.strings; name = ja; path = ja.lproj/InfoPlist.strings; sourceTree = "<group>"; };
		4711A6B71BB7D698006B6B30 /* MoeRadio for TV.app */ = {isa = PBXFileReference; explicitFileType = wrapper.application; includeInIndex = 0; path = "MoeRadio for TV.app"; sourceTree = BUILT_PRODUCTS_DIR; };
		4711A6BB1BB7D698006B6B30 /* main.m */ = {isa = PBXFileReference; lastKnownFileType = sourcecode.c.objc; path = main.m; sourceTree = "<group>"; };
		4711A6BD1BB7D698006B6B30 /* AppDelegate.h */ = {isa = PBXFileReference; lastKnownFileType = sourcecode.c.h; path = AppDelegate.h; sourceTree = "<group>"; };
		4711A6BE1BB7D698006B6B30 /* AppDelegate.m */ = {isa = PBXFileReference; lastKnownFileType = sourcecode.c.objc; path = AppDelegate.m; sourceTree = "<group>"; };
		4711A6C41BB7D698006B6B30 /* Base */ = {isa = PBXFileReference; lastKnownFileType = file.storyboard; name = Base; path = Base.lproj/Main.storyboard; sourceTree = "<group>"; };
		4711A6C61BB7D698006B6B30 /* Assets.xcassets */ = {isa = PBXFileReference; lastKnownFileType = folder.assetcatalog; path = Assets.xcassets; sourceTree = "<group>"; };
		4711A6CE1BB7D894006B6B30 /* MoeFmAPI.h */ = {isa = PBXFileReference; fileEncoding = 4; lastKnownFileType = sourcecode.c.h; path = MoeFmAPI.h; sourceTree = "<group>"; };
		4711A6CF1BB7D894006B6B30 /* MoeFmAPI.m */ = {isa = PBXFileReference; fileEncoding = 4; lastKnownFileType = sourcecode.c.objc; path = MoeFmAPI.m; sourceTree = "<group>"; };
		4711A6D01BB7D894006B6B30 /* MoeFmPlayer.h */ = {isa = PBXFileReference; fileEncoding = 4; lastKnownFileType = sourcecode.c.h; path = MoeFmPlayer.h; sourceTree = "<group>"; };
		4711A6D11BB7D894006B6B30 /* MoeFmPlayer.m */ = {isa = PBXFileReference; fileEncoding = 4; lastKnownFileType = sourcecode.c.objc; path = MoeFmPlayer.m; sourceTree = "<group>"; };
		4711A6D41BB7D90A006B6B30 /* AudioStreamer.h */ = {isa = PBXFileReference; fileEncoding = 4; lastKnownFileType = sourcecode.c.h; path = AudioStreamer.h; sourceTree = "<group>"; };
		4711A6D51BB7D90A006B6B30 /* AudioStreamer.m */ = {isa = PBXFileReference; fileEncoding = 4; lastKnownFileType = sourcecode.c.objc; path = AudioStreamer.m; sourceTree = "<group>"; };
		4711A6DC1BB7D947006B6B30 /* API.h */ = {isa = PBXFileReference; lastKnownFileType = sourcecode.c.h; path = API.h; sourceTree = "<group>"; };
		4711A6DD1BB7DA1A006B6B30 /* UIDevice+Hardware.h */ = {isa = PBXFileReference; fileEncoding = 4; lastKnownFileType = sourcecode.c.h; path = "UIDevice+Hardware.h"; sourceTree = "<group>"; };
		4711A6DE1BB7DA1A006B6B30 /* UIDevice+Hardware.m */ = {isa = PBXFileReference; fileEncoding = 4; lastKnownFileType = sourcecode.c.objc; path = "UIDevice+Hardware.m"; sourceTree = "<group>"; };
		4711A6E11BB7DB73006B6B30 /* UIKit.framework */ = {isa = PBXFileReference; lastKnownFileType = wrapper.framework; name = UIKit.framework; path = System/Library/Frameworks/UIKit.framework; sourceTree = SDKROOT; };
		4711A6E31BB7DB84006B6B30 /* Foundation.framework */ = {isa = PBXFileReference; lastKnownFileType = wrapper.framework; name = Foundation.framework; path = System/Library/Frameworks/Foundation.framework; sourceTree = SDKROOT; };
		4711A6E51BB7DCF2006B6B30 /* PrefixHeader.pch */ = {isa = PBXFileReference; lastKnownFileType = sourcecode.c.h; path = PrefixHeader.pch; sourceTree = "<group>"; };
		4711A6E61BB7DEAA006B6B30 /* NowPlayingViewController.h */ = {isa = PBXFileReference; fileEncoding = 4; lastKnownFileType = sourcecode.c.h; path = NowPlayingViewController.h; sourceTree = "<group>"; };
		4711A6E71BB7DEAA006B6B30 /* NowPlayingViewController.m */ = {isa = PBXFileReference; fileEncoding = 4; lastKnownFileType = sourcecode.c.objc; path = NowPlayingViewController.m; sourceTree = "<group>"; };
		4711A6EA1BB7EA27006B6B30 /* PlayListViewController.h */ = {isa = PBXFileReference; fileEncoding = 4; lastKnownFileType = sourcecode.c.h; path = PlayListViewController.h; sourceTree = "<group>"; };
		4711A6EB1BB7EA27006B6B30 /* PlayListViewController.m */ = {isa = PBXFileReference; fileEncoding = 4; lastKnownFileType = sourcecode.c.objc; path = PlayListViewController.m; sourceTree = "<group>"; };
		4711A6ED1BB7F650006B6B30 /* SplitViewController.h */ = {isa = PBXFileReference; fileEncoding = 4; lastKnownFileType = sourcecode.c.h; path = SplitViewController.h; sourceTree = "<group>"; };
		4711A6EE1BB7F650006B6B30 /* SplitViewController.m */ = {isa = PBXFileReference; fileEncoding = 4; lastKnownFileType = sourcecode.c.objc; path = SplitViewController.m; sourceTree = "<group>"; };
		4721561B1BE4B5B700B6D337 /* AVFoundation.framework */ = {isa = PBXFileReference; lastKnownFileType = wrapper.framework; name = AVFoundation.framework; path = System/Library/Frameworks/AVFoundation.framework; sourceTree = SDKROOT; };
		4740D9941C6B49C600C089F3 /* AboutViewController.h */ = {isa = PBXFileReference; fileEncoding = 4; lastKnownFileType = sourcecode.c.h; path = AboutViewController.h; sourceTree = "<group>"; };
		4740D9951C6B49C600C089F3 /* AboutViewController.m */ = {isa = PBXFileReference; fileEncoding = 4; lastKnownFileType = sourcecode.c.objc; path = AboutViewController.m; sourceTree = "<group>"; };
		475F93C11C007DDB00AB0BF8 /* TabbarViewController.h */ = {isa = PBXFileReference; fileEncoding = 4; lastKnownFileType = sourcecode.c.h; path = TabbarViewController.h; sourceTree = "<group>"; };
		475F93C21C007DDB00AB0BF8 /* TabbarViewController.m */ = {isa = PBXFileReference; fileEncoding = 4; lastKnownFileType = sourcecode.c.objc; path = TabbarViewController.m; sourceTree = "<group>"; };
		47891A1A1BF36A1E0030ED26 /* SearchInitViewController.h */ = {isa = PBXFileReference; fileEncoding = 4; lastKnownFileType = sourcecode.c.h; path = SearchInitViewController.h; sourceTree = "<group>"; };
		47891A1B1BF36A1E0030ED26 /* SearchInitViewController.m */ = {isa = PBXFileReference; fileEncoding = 4; lastKnownFileType = sourcecode.c.objc; path = SearchInitViewController.m; sourceTree = "<group>"; };
		47891A1D1BF36A860030ED26 /* SearchCollectionViewController.h */ = {isa = PBXFileReference; fileEncoding = 4; lastKnownFileType = sourcecode.c.h; path = SearchCollectionViewController.h; sourceTree = "<group>"; };
		47891A1E1BF36A860030ED26 /* SearchCollectionViewController.m */ = {isa = PBXFileReference; fileEncoding = 4; lastKnownFileType = sourcecode.c.objc; path = SearchCollectionViewController.m; sourceTree = "<group>"; };
		47891A201BF372A90030ED26 /* SearchCollectionViewCell.h */ = {isa = PBXFileReference; fileEncoding = 4; lastKnownFileType = sourcecode.c.h; path = SearchCollectionViewCell.h; sourceTree = "<group>"; };
		47891A211BF372A90030ED26 /* SearchCollectionViewCell.m */ = {isa = PBXFileReference; fileEncoding = 4; lastKnownFileType = sourcecode.c.objc; path = SearchCollectionViewCell.m; sourceTree = "<group>"; };
		47891A231BF37F000030ED26 /* small.png */ = {isa = PBXFileReference; lastKnownFileType = image.png; path = small.png; sourceTree = "<group>"; };
		47891A251BF49F740030ED26 /* zh-Hans */ = {isa = PBXFileReference; lastKnownFileType = text.plist.strings; name = "zh-Hans"; path = "zh-Hans.lproj/Main.strings"; sourceTree = "<group>"; };
		47891A291BF4A1280030ED26 /* Base */ = {isa = PBXFileReference; lastKnownFileType = text.plist.strings; name = Base; path = Base.lproj/Localizable.strings; sourceTree = "<group>"; };
		47891A2B1BF4A12C0030ED26 /* zh-Hans */ = {isa = PBXFileReference; lastKnownFileType = text.plist.strings; name = "zh-Hans"; path = "zh-Hans.lproj/Localizable.strings"; sourceTree = "<group>"; };
		47891A331BF4A58F0030ED26 /* Base */ = {isa = PBXFileReference; lastKnownFileType = text.plist.strings; name = Base; path = Base.lproj/InfoPlist.strings; sourceTree = "<group>"; };
		47891A351BF4A5910030ED26 /* zh-Hans */ = {isa = PBXFileReference; lastKnownFileType = text.plist.strings; name = "zh-Hans"; path = "zh-Hans.lproj/InfoPlist.strings"; sourceTree = "<group>"; };
/* End PBXFileReference section */

/* Begin PBXFrameworksBuildPhase section */
		4711A6B41BB7D698006B6B30 /* Frameworks */ = {
			isa = PBXFrameworksBuildPhase;
			buildActionMask = 2147483647;
			files = (
				4721561C1BE4B5B700B6D337 /* AVFoundation.framework in Frameworks */,
				4711A6E41BB7DB84006B6B30 /* Foundation.framework in Frameworks */,
				4711A6E21BB7DB73006B6B30 /* UIKit.framework in Frameworks */,
			);
			runOnlyForDeploymentPostprocessing = 0;
		};
/* End PBXFrameworksBuildPhase section */

/* Begin PBXGroup section */
		4711A6AE1BB7D697006B6B30 = {
			isa = PBXGroup;
			children = (
				4721561B1BE4B5B700B6D337 /* AVFoundation.framework */,
				4711A6E31BB7DB84006B6B30 /* Foundation.framework */,
				4711A6E11BB7DB73006B6B30 /* UIKit.framework */,
				4711A6B91BB7D698006B6B30 /* MoeRadio for TV */,
				4711A6B81BB7D698006B6B30 /* Products */,
			);
			sourceTree = "<group>";
		};
		4711A6B81BB7D698006B6B30 /* Products */ = {
			isa = PBXGroup;
			children = (
				4711A6B71BB7D698006B6B30 /* MoeRadio for TV.app */,
			);
			name = Products;
			sourceTree = "<group>";
		};
		4711A6B91BB7D698006B6B30 /* MoeRadio for TV */ = {
			isa = PBXGroup;
			children = (
				4711A6DC1BB7D947006B6B30 /* API.h */,
				4711A6BD1BB7D698006B6B30 /* AppDelegate.h */,
				4711A6BE1BB7D698006B6B30 /* AppDelegate.m */,
				475F93C11C007DDB00AB0BF8 /* TabbarViewController.h */,
				475F93C21C007DDB00AB0BF8 /* TabbarViewController.m */,
				4711A6ED1BB7F650006B6B30 /* SplitViewController.h */,
				4711A6EE1BB7F650006B6B30 /* SplitViewController.m */,
				4711A6E61BB7DEAA006B6B30 /* NowPlayingViewController.h */,
				4711A6E71BB7DEAA006B6B30 /* NowPlayingViewController.m */,
				4711A6C31BB7D698006B6B30 /* Main.storyboard */,
				4711A6CE1BB7D894006B6B30 /* MoeFmAPI.h */,
				4711A6CF1BB7D894006B6B30 /* MoeFmAPI.m */,
				4711A6D01BB7D894006B6B30 /* MoeFmPlayer.h */,
				4711A6D11BB7D894006B6B30 /* MoeFmPlayer.m */,
				4711A6EA1BB7EA27006B6B30 /* PlayListViewController.h */,
				4711A6EB1BB7EA27006B6B30 /* PlayListViewController.m */,
				47891A1A1BF36A1E0030ED26 /* SearchInitViewController.h */,
				47891A1B1BF36A1E0030ED26 /* SearchInitViewController.m */,
				47891A1D1BF36A860030ED26 /* SearchCollectionViewController.h */,
				47891A1E1BF36A860030ED26 /* SearchCollectionViewController.m */,
				47891A201BF372A90030ED26 /* SearchCollectionViewCell.h */,
				47891A211BF372A90030ED26 /* SearchCollectionViewCell.m */,
				4740D9941C6B49C600C089F3 /* AboutViewController.h */,
				4740D9951C6B49C600C089F3 /* AboutViewController.m */,
				4711A6E91BB7DF1B006B6B30 /* AudioStreamer */,
				4711A6C61BB7D698006B6B30 /* Assets.xcassets */,
				470088A01BF4A6AB004652F7 /* Info.plist */,
				47891A231BF37F000030ED26 /* small.png */,
				4711A6BA1BB7D698006B6B30 /* Supporting Files */,
			);
			path = "MoeRadio for TV";
			sourceTree = "<group>";
		};
		4711A6BA1BB7D698006B6B30 /* Supporting Files */ = {
			isa = PBXGroup;
			children = (
				4711A6E51BB7DCF2006B6B30 /* PrefixHeader.pch */,
				4711A6BB1BB7D698006B6B30 /* main.m */,
				47891A2A1BF4A1280030ED26 /* Localizable.strings */,
				47891A341BF4A58F0030ED26 /* InfoPlist.strings */,
			);
			name = "Supporting Files";
			sourceTree = "<group>";
		};
		4711A6E91BB7DF1B006B6B30 /* AudioStreamer */ = {
			isa = PBXGroup;
			children = (
				4711A6D41BB7D90A006B6B30 /* AudioStreamer.h */,
				4711A6D51BB7D90A006B6B30 /* AudioStreamer.m */,
				4711A6DD1BB7DA1A006B6B30 /* UIDevice+Hardware.h */,
				4711A6DE1BB7DA1A006B6B30 /* UIDevice+Hardware.m */,
			);
			name = AudioStreamer;
			sourceTree = "<group>";
		};
/* End PBXGroup section */

/* Begin PBXNativeTarget section */
		4711A6B61BB7D698006B6B30 /* MoeRadio for TV */ = {
			isa = PBXNativeTarget;
			buildConfigurationList = 4711A6CB1BB7D698006B6B30 /* Build configuration list for PBXNativeTarget "MoeRadio for TV" */;
			buildPhases = (
				4711A6B31BB7D698006B6B30 /* Sources */,
				4711A6B41BB7D698006B6B30 /* Frameworks */,
				4711A6B51BB7D698006B6B30 /* Resources */,
			);
			buildRules = (
			);
			dependencies = (
			);
			name = "MoeRadio for TV";
			productName = "MoeRadio for TV";
			productReference = 4711A6B71BB7D698006B6B30 /* MoeRadio for TV.app */;
			productType = "com.apple.product-type.application";
		};
/* End PBXNativeTarget section */

/* Begin PBXProject section */
		4711A6AF1BB7D697006B6B30 /* Project object */ = {
			isa = PBXProject;
			attributes = {
				LastUpgradeCheck = 0730;
				ORGANIZATIONNAME = "HT&L";
				TargetAttributes = {
					4711A6B61BB7D698006B6B30 = {
						CreatedOnToolsVersion = 7.1;
						DevelopmentTeam = HR66SGQEZ4;
						SystemCapabilities = {
							com.apple.BackgroundModes.appletvos = {
								enabled = 1;
							};
						};
					};
				};
			};
			buildConfigurationList = 4711A6B21BB7D697006B6B30 /* Build configuration list for PBXProject "MoeRadio for TV" */;
			compatibilityVersion = "Xcode 3.2";
			developmentRegion = English;
			hasScannedForEncodings = 0;
			knownRegions = (
				en,
				Base,
				"zh-Hans",
				ja,
			);
			mainGroup = 4711A6AE1BB7D697006B6B30;
			productRefGroup = 4711A6B81BB7D698006B6B30 /* Products */;
			projectDirPath = "";
			projectRoot = "";
			targets = (
				4711A6B61BB7D698006B6B30 /* MoeRadio for TV */,
			);
		};
/* End PBXProject section */

/* Begin PBXResourcesBuildPhase section */
		4711A6B51BB7D698006B6B30 /* Resources */ = {
			isa = PBXResourcesBuildPhase;
			buildActionMask = 2147483647;
			files = (
				4711A6C71BB7D698006B6B30 /* Assets.xcassets in Resources */,
				47891A321BF4A58F0030ED26 /* InfoPlist.strings in Resources */,
				47891A281BF4A1280030ED26 /* Localizable.strings in Resources */,
				47891A241BF37F000030ED26 /* small.png in Resources */,
				4711A6C51BB7D698006B6B30 /* Main.storyboard in Resources */,
			);
			runOnlyForDeploymentPostprocessing = 0;
		};
/* End PBXResourcesBuildPhase section */

/* Begin PBXSourcesBuildPhase section */
		4711A6B31BB7D698006B6B30 /* Sources */ = {
			isa = PBXSourcesBuildPhase;
			buildActionMask = 2147483647;
			files = (
				4711A6DF1BB7DA1A006B6B30 /* UIDevice+Hardware.m in Sources */,
				47891A1F1BF36A860030ED26 /* SearchCollectionViewController.m in Sources */,
				4711A6E81BB7DEAA006B6B30 /* NowPlayingViewController.m in Sources */,
				4711A6BF1BB7D698006B6B30 /* AppDelegate.m in Sources */,
				475F93C31C007DDB00AB0BF8 /* TabbarViewController.m in Sources */,
				4711A6D91BB7D90A006B6B30 /* AudioStreamer.m in Sources */,
				4711A6EC1BB7EA27006B6B30 /* PlayListViewController.m in Sources */,
				47891A221BF372A90030ED26 /* SearchCollectionViewCell.m in Sources */,
				4711A6D31BB7D894006B6B30 /* MoeFmPlayer.m in Sources */,
				47891A1C1BF36A1E0030ED26 /* SearchInitViewController.m in Sources */,
				4740D9961C6B49C600C089F3 /* AboutViewController.m in Sources */,
				4711A6BC1BB7D698006B6B30 /* main.m in Sources */,
				4711A6EF1BB7F650006B6B30 /* SplitViewController.m in Sources */,
				4711A6D21BB7D894006B6B30 /* MoeFmAPI.m in Sources */,
			);
			runOnlyForDeploymentPostprocessing = 0;
		};
/* End PBXSourcesBuildPhase section */

/* Begin PBXVariantGroup section */
		4711A6C31BB7D698006B6B30 /* Main.storyboard */ = {
			isa = PBXVariantGroup;
			children = (
				4711A6C41BB7D698006B6B30 /* Base */,
				47891A251BF49F740030ED26 /* zh-Hans */,
				470088FE1BFB421D004652F7 /* ja */,
			);
			name = Main.storyboard;
			sourceTree = "<group>";
		};
		47891A2A1BF4A1280030ED26 /* Localizable.strings */ = {
			isa = PBXVariantGroup;
			children = (
				47891A291BF4A1280030ED26 /* Base */,
				47891A2B1BF4A12C0030ED26 /* zh-Hans */,
				470088FF1BFB421D004652F7 /* ja */,
			);
			name = Localizable.strings;
			sourceTree = "<group>";
		};
		47891A341BF4A58F0030ED26 /* InfoPlist.strings */ = {
			isa = PBXVariantGroup;
			children = (
				47891A331BF4A58F0030ED26 /* Base */,
				47891A351BF4A5910030ED26 /* zh-Hans */,
				470089001BFB421D004652F7 /* ja */,
			);
			name = InfoPlist.strings;
			sourceTree = "<group>";
		};
/* End PBXVariantGroup section */

/* Begin XCBuildConfiguration section */
		4711A6C91BB7D698006B6B30 /* Debug */ = {
			isa = XCBuildConfiguration;
			buildSettings = {
				ALWAYS_SEARCH_USER_PATHS = NO;
				CLANG_CXX_LANGUAGE_STANDARD = "gnu++0x";
				CLANG_CXX_LIBRARY = "libc++";
				CLANG_ENABLE_MODULES = YES;
				CLANG_ENABLE_OBJC_ARC = YES;
				CLANG_WARN_BOOL_CONVERSION = YES;
				CLANG_WARN_CONSTANT_CONVERSION = YES;
				CLANG_WARN_DIRECT_OBJC_ISA_USAGE = YES_ERROR;
				CLANG_WARN_EMPTY_BODY = YES;
				CLANG_WARN_ENUM_CONVERSION = YES;
				CLANG_WARN_INT_CONVERSION = YES;
				CLANG_WARN_OBJC_ROOT_CLASS = YES_ERROR;
				CLANG_WARN_UNREACHABLE_CODE = YES;
				CLANG_WARN__DUPLICATE_METHOD_MATCH = YES;
				COPY_PHASE_STRIP = NO;
				DEBUG_INFORMATION_FORMAT = dwarf;
				ENABLE_STRICT_OBJC_MSGSEND = YES;
				ENABLE_TESTABILITY = YES;
				GCC_C_LANGUAGE_STANDARD = gnu99;
				GCC_DYNAMIC_NO_PIC = NO;
				GCC_NO_COMMON_BLOCKS = YES;
				GCC_OPTIMIZATION_LEVEL = 0;
				GCC_PREPROCESSOR_DEFINITIONS = (
					"DEBUG=1",
					"$(inherited)",
				);
				GCC_WARN_64_TO_32_BIT_CONVERSION = YES;
				GCC_WARN_ABOUT_RETURN_TYPE = YES_ERROR;
				GCC_WARN_UNDECLARED_SELECTOR = YES;
				GCC_WARN_UNINITIALIZED_AUTOS = YES_AGGRESSIVE;
				GCC_WARN_UNUSED_FUNCTION = YES;
				GCC_WARN_UNUSED_VARIABLE = YES;
				INFOPLIST_FILE = "";
				MTL_ENABLE_DEBUG_INFO = YES;
				ONLY_ACTIVE_ARCH = YES;
				SDKROOT = appletvos;
				TARGETED_DEVICE_FAMILY = 3;
				TVOS_DEPLOYMENT_TARGET = 9.0;
			};
			name = Debug;
		};
		4711A6CA1BB7D698006B6B30 /* Release */ = {
			isa = XCBuildConfiguration;
			buildSettings = {
				ALWAYS_SEARCH_USER_PATHS = NO;
				CLANG_CXX_LANGUAGE_STANDARD = "gnu++0x";
				CLANG_CXX_LIBRARY = "libc++";
				CLANG_ENABLE_MODULES = YES;
				CLANG_ENABLE_OBJC_ARC = YES;
				CLANG_WARN_BOOL_CONVERSION = YES;
				CLANG_WARN_CONSTANT_CONVERSION = YES;
				CLANG_WARN_DIRECT_OBJC_ISA_USAGE = YES_ERROR;
				CLANG_WARN_EMPTY_BODY = YES;
				CLANG_WARN_ENUM_CONVERSION = YES;
				CLANG_WARN_INT_CONVERSION = YES;
				CLANG_WARN_OBJC_ROOT_CLASS = YES_ERROR;
				CLANG_WARN_UNREACHABLE_CODE = YES;
				CLANG_WARN__DUPLICATE_METHOD_MATCH = YES;
				COPY_PHASE_STRIP = NO;
				DEBUG_INFORMATION_FORMAT = "dwarf-with-dsym";
				ENABLE_NS_ASSERTIONS = NO;
				ENABLE_STRICT_OBJC_MSGSEND = YES;
				GCC_C_LANGUAGE_STANDARD = gnu99;
				GCC_NO_COMMON_BLOCKS = YES;
				GCC_WARN_64_TO_32_BIT_CONVERSION = YES;
				GCC_WARN_ABOUT_RETURN_TYPE = YES_ERROR;
				GCC_WARN_UNDECLARED_SELECTOR = YES;
				GCC_WARN_UNINITIALIZED_AUTOS = YES_AGGRESSIVE;
				GCC_WARN_UNUSED_FUNCTION = YES;
				GCC_WARN_UNUSED_VARIABLE = YES;
				INFOPLIST_FILE = "";
				MTL_ENABLE_DEBUG_INFO = NO;
				SDKROOT = appletvos;
				TARGETED_DEVICE_FAMILY = 3;
				TVOS_DEPLOYMENT_TARGET = 9.0;
				VALIDATE_PRODUCT = YES;
			};
			name = Release;
		};
		4711A6CC1BB7D698006B6B30 /* Debug */ = {
			isa = XCBuildConfiguration;
			buildSettings = {
				ASSETCATALOG_COMPILER_APPICON_NAME = "App Icon & Top Shelf Image";
				ASSETCATALOG_COMPILER_LAUNCHIMAGE_NAME = LaunchImage;
				CODE_SIGN_IDENTITY = "iPhone Developer";
				"CODE_SIGN_IDENTITY[sdk=appletvos*]" = "iPhone Developer";
				GCC_INCREASE_PRECOMPILED_HEADER_SHARING = YES;
				GCC_PREFIX_HEADER = "MoeRadio for TV/PrefixHeader.pch";
				INFOPLIST_FILE = "MoeRadio for TV/Info.plist";
				LD_RUNPATH_SEARCH_PATHS = "$(inherited) @executable_path/Frameworks";
				PRODUCT_BUNDLE_IDENTIFIER = com.HTandL.MoeRadioTV;
				PRODUCT_NAME = "$(TARGET_NAME)";
				PROVISIONING_PROFILE = "";
				TVOS_DEPLOYMENT_TARGET = 9.0;
			};
			name = Debug;
		};
		4711A6CD1BB7D698006B6B30 /* Release */ = {
			isa = XCBuildConfiguration;
			buildSettings = {
				ASSETCATALOG_COMPILER_APPICON_NAME = "App Icon & Top Shelf Image";
				ASSETCATALOG_COMPILER_LAUNCHIMAGE_NAME = LaunchImage;
				CODE_SIGN_IDENTITY = "iPhone Developer";
				"CODE_SIGN_IDENTITY[sdk=appletvos*]" = "iPhone Developer";
				GCC_INCREASE_PRECOMPILED_HEADER_SHARING = YES;
				GCC_PREFIX_HEADER = "MoeRadio for TV/PrefixHeader.pch";
				INFOPLIST_FILE = "MoeRadio for TV/Info.plist";
				LD_RUNPATH_SEARCH_PATHS = "$(inherited) @executable_path/Frameworks";
				PRODUCT_BUNDLE_IDENTIFIER = com.HTandL.MoeRadioTV;
				PRODUCT_NAME = "$(TARGET_NAME)";
				PROVISIONING_PROFILE = "";
				TVOS_DEPLOYMENT_TARGET = 9.0;
			};
			name = Release;
		};
/* End XCBuildConfiguration section */

/* Begin XCConfigurationList section */
		4711A6B21BB7D697006B6B30 /* Build configuration list for PBXProject "MoeRadio for TV" */ = {
			isa = XCConfigurationList;
			buildConfigurations = (
				4711A6C91BB7D698006B6B30 /* Debug */,
				4711A6CA1BB7D698006B6B30 /* Release */,
			);
			defaultConfigurationIsVisible = 0;
			defaultConfigurationName = Release;
		};
		4711A6CB1BB7D698006B6B30 /* Build configuration list for PBXNativeTarget "MoeRadio for TV" */ = {
			isa = XCConfigurationList;
			buildConfigurations = (
				4711A6CC1BB7D698006B6B30 /* Debug */,
				4711A6CD1BB7D698006B6B30 /* Release */,
			);
			defaultConfigurationIsVisible = 0;
			defaultConfigurationName = Release;
		};
/* End XCConfigurationList section */
	};
	rootObject = 4711A6AF1BB7D697006B6B30 /* Project object */;
}
